// !$*UTF8*$!
{
	archiveVersion = 1;
	classes = {
	};
	objectVersion = 52;
	objects = {

/* Begin PBXBuildFile section */
		24C12E7126309C1100DB2337 /* RegisterViewController.swift in Sources */ = {isa = PBXBuildFile; fileRef = 24C12E7026309C1100DB2337 /* RegisterViewController.swift */; };
		24C12E7726309DD400DB2337 /* Hero in Frameworks */ = {isa = PBXBuildFile; productRef = 24C12E7626309DD400DB2337 /* Hero */; };
		24C12E7826309DD400DB2337 /* Hero in Embed Frameworks */ = {isa = PBXBuildFile; productRef = 24C12E7626309DD400DB2337 /* Hero */; settings = {ATTRIBUTES = (CodeSignOnCopy, ); }; };
		24C12E9D2630A8BC00DB2337 /* StyleSheet.swift in Sources */ = {isa = PBXBuildFile; fileRef = 24C12E8B2630A8BC00DB2337 /* StyleSheet.swift */; };
		24C12E9E2630A8BC00DB2337 /* ReusableView+UITableView.swift in Sources */ = {isa = PBXBuildFile; fileRef = 24C12E8C2630A8BC00DB2337 /* ReusableView+UITableView.swift */; };
		24C12E9F2630A8BC00DB2337 /* UserDefault.swift in Sources */ = {isa = PBXBuildFile; fileRef = 24C12E8D2630A8BC00DB2337 /* UserDefault.swift */; };
		24C12EA02630A8BC00DB2337 /* UIImage+Icon.swift in Sources */ = {isa = PBXBuildFile; fileRef = 24C12E8E2630A8BC00DB2337 /* UIImage+Icon.swift */; };
		24C12EA12630A8BC00DB2337 /* Date+Ext.swift in Sources */ = {isa = PBXBuildFile; fileRef = 24C12E8F2630A8BC00DB2337 /* Date+Ext.swift */; };
		24C12EA22630A8BC00DB2337 /* VideoView.swift in Sources */ = {isa = PBXBuildFile; fileRef = 24C12E902630A8BC00DB2337 /* VideoView.swift */; };
		24C12EA32630A8BC00DB2337 /* Controller.swift in Sources */ = {isa = PBXBuildFile; fileRef = 24C12E912630A8BC00DB2337 /* Controller.swift */; };
		24C12EA42630A8BC00DB2337 /* PowderButton.swift in Sources */ = {isa = PBXBuildFile; fileRef = 24C12E922630A8BC00DB2337 /* PowderButton.swift */; };
		24C12EA52630A8BC00DB2337 /* ArrowCircleButton.swift in Sources */ = {isa = PBXBuildFile; fileRef = 24C12E932630A8BC00DB2337 /* ArrowCircleButton.swift */; };
		24C12EA62630A8BC00DB2337 /* LocalizedString.swift in Sources */ = {isa = PBXBuildFile; fileRef = 24C12E942630A8BC00DB2337 /* LocalizedString.swift */; };
		24C12EA72630A8BC00DB2337 /* UIColor+Ext.swift in Sources */ = {isa = PBXBuildFile; fileRef = 24C12E952630A8BC00DB2337 /* UIColor+Ext.swift */; };
		24C12EA82630A8BC00DB2337 /* User+Ext.swift in Sources */ = {isa = PBXBuildFile; fileRef = 24C12E962630A8BC00DB2337 /* User+Ext.swift */; };
		24C12EA92630A8BC00DB2337 /* UIImage+DominantColor.swift in Sources */ = {isa = PBXBuildFile; fileRef = 24C12E972630A8BC00DB2337 /* UIImage+DominantColor.swift */; };
		24C12EAA2630A8BC00DB2337 /* ReusableView+UICollectionView.swift in Sources */ = {isa = PBXBuildFile; fileRef = 24C12E982630A8BC00DB2337 /* ReusableView+UICollectionView.swift */; };
		24C12EAB2630A8BC00DB2337 /* Standard.swift in Sources */ = {isa = PBXBuildFile; fileRef = 24C12E992630A8BC00DB2337 /* Standard.swift */; };
		24C12EAC2630A8BC00DB2337 /* ReusableView.swift in Sources */ = {isa = PBXBuildFile; fileRef = 24C12E9A2630A8BC00DB2337 /* ReusableView.swift */; };
		24C12EAD2630A8BC00DB2337 /* NSRegularExpression+Ext.swift in Sources */ = {isa = PBXBuildFile; fileRef = 24C12E9B2630A8BC00DB2337 /* NSRegularExpression+Ext.swift */; };
		24C12EAE2630A8BC00DB2337 /* UIDevice+Platform.swift in Sources */ = {isa = PBXBuildFile; fileRef = 24C12E9C2630A8BC00DB2337 /* UIDevice+Platform.swift */; };
		24F43293262476B100209D94 /* AppDelegate.swift in Sources */ = {isa = PBXBuildFile; fileRef = 24F43292262476B100209D94 /* AppDelegate.swift */; };
		24F43295262476B100209D94 /* SceneDelegate.swift in Sources */ = {isa = PBXBuildFile; fileRef = 24F43294262476B100209D94 /* SceneDelegate.swift */; };
		24F43297262476B100209D94 /* LoginViewController.swift in Sources */ = {isa = PBXBuildFile; fileRef = 24F43296262476B100209D94 /* LoginViewController.swift */; };
		24F432AA262476B300209D94 /* stikkit_iosTests.swift in Sources */ = {isa = PBXBuildFile; fileRef = 24F432A9262476B300209D94 /* stikkit_iosTests.swift */; };
		24F432B5262476B300209D94 /* stikkit_iosUITests.swift in Sources */ = {isa = PBXBuildFile; fileRef = 24F432B4262476B300209D94 /* stikkit_iosUITests.swift */; };
		24F432FA2624772D00209D94 /* Assets.xcassets in Resources */ = {isa = PBXBuildFile; fileRef = 24F432EE2624772D00209D94 /* Assets.xcassets */; };
		24F432FB2624772D00209D94 /* LaunchScreen.storyboard in Resources */ = {isa = PBXBuildFile; fileRef = 24F432EF2624772D00209D94 /* LaunchScreen.storyboard */; };
		24F432FC2624772D00209D94 /* data.json in Resources */ = {isa = PBXBuildFile; fileRef = 24F432F12624772D00209D94 /* data.json */; };
		24F432FD2624772D00209D94 /* loadingWhite.json in Resources */ = {isa = PBXBuildFile; fileRef = 24F432F32624772D00209D94 /* loadingWhite.json */; };
		24F432FE2624772D00209D94 /* RoobertBold.woff in Resources */ = {isa = PBXBuildFile; fileRef = 24F432F52624772D00209D94 /* RoobertBold.woff */; };
		24F432FF2624772D00209D94 /* RoobertSemiBold.woff in Resources */ = {isa = PBXBuildFile; fileRef = 24F432F62624772D00209D94 /* RoobertSemiBold.woff */; };
		24F433002624772D00209D94 /* Icon.ttf in Resources */ = {isa = PBXBuildFile; fileRef = 24F432F72624772D00209D94 /* Icon.ttf */; };
		24F433012624772D00209D94 /* RoobertRegular.woff in Resources */ = {isa = PBXBuildFile; fileRef = 24F432F82624772D00209D94 /* RoobertRegular.woff */; };
/* End PBXBuildFile section */

/* Begin PBXContainerItemProxy section */
		24F432A6262476B300209D94 /* PBXContainerItemProxy */ = {
			isa = PBXContainerItemProxy;
			containerPortal = 24F43287262476B100209D94 /* Project object */;
			proxyType = 1;
			remoteGlobalIDString = 24F4328E262476B100209D94;
			remoteInfo = "stikkit-ios";
		};
		24F432B1262476B300209D94 /* PBXContainerItemProxy */ = {
			isa = PBXContainerItemProxy;
			containerPortal = 24F43287262476B100209D94 /* Project object */;
			proxyType = 1;
			remoteGlobalIDString = 24F4328E262476B100209D94;
			remoteInfo = "stikkit-ios";
		};
/* End PBXContainerItemProxy section */

/* Begin PBXCopyFilesBuildPhase section */
		24C12E7926309DD400DB2337 /* Embed Frameworks */ = {
			isa = PBXCopyFilesBuildPhase;
			buildActionMask = 2147483647;
			dstPath = "";
			dstSubfolderSpec = 10;
			files = (
				24C12E7826309DD400DB2337 /* Hero in Embed Frameworks */,
			);
			name = "Embed Frameworks";
			runOnlyForDeploymentPostprocessing = 0;
		};
/* End PBXCopyFilesBuildPhase section */

/* Begin PBXFileReference section */
		24C12E7026309C1100DB2337 /* RegisterViewController.swift */ = {isa = PBXFileReference; lastKnownFileType = sourcecode.swift; path = RegisterViewController.swift; sourceTree = "<group>"; };
		24C12E8B2630A8BC00DB2337 /* StyleSheet.swift */ = {isa = PBXFileReference; fileEncoding = 4; lastKnownFileType = sourcecode.swift; path = StyleSheet.swift; sourceTree = "<group>"; };
		24C12E8C2630A8BC00DB2337 /* ReusableView+UITableView.swift */ = {isa = PBXFileReference; fileEncoding = 4; lastKnownFileType = sourcecode.swift; path = "ReusableView+UITableView.swift"; sourceTree = "<group>"; };
		24C12E8D2630A8BC00DB2337 /* UserDefault.swift */ = {isa = PBXFileReference; fileEncoding = 4; lastKnownFileType = sourcecode.swift; path = UserDefault.swift; sourceTree = "<group>"; };
		24C12E8E2630A8BC00DB2337 /* UIImage+Icon.swift */ = {isa = PBXFileReference; fileEncoding = 4; lastKnownFileType = sourcecode.swift; path = "UIImage+Icon.swift"; sourceTree = "<group>"; };
		24C12E8F2630A8BC00DB2337 /* Date+Ext.swift */ = {isa = PBXFileReference; fileEncoding = 4; lastKnownFileType = sourcecode.swift; path = "Date+Ext.swift"; sourceTree = "<group>"; };
		24C12E902630A8BC00DB2337 /* VideoView.swift */ = {isa = PBXFileReference; fileEncoding = 4; lastKnownFileType = sourcecode.swift; path = VideoView.swift; sourceTree = "<group>"; };
		24C12E912630A8BC00DB2337 /* Controller.swift */ = {isa = PBXFileReference; fileEncoding = 4; lastKnownFileType = sourcecode.swift; path = Controller.swift; sourceTree = "<group>"; };
		24C12E922630A8BC00DB2337 /* PowderButton.swift */ = {isa = PBXFileReference; fileEncoding = 4; lastKnownFileType = sourcecode.swift; path = PowderButton.swift; sourceTree = "<group>"; };
		24C12E932630A8BC00DB2337 /* ArrowCircleButton.swift */ = {isa = PBXFileReference; fileEncoding = 4; lastKnownFileType = sourcecode.swift; path = ArrowCircleButton.swift; sourceTree = "<group>"; };
		24C12E942630A8BC00DB2337 /* LocalizedString.swift */ = {isa = PBXFileReference; fileEncoding = 4; lastKnownFileType = sourcecode.swift; path = LocalizedString.swift; sourceTree = "<group>"; };
		24C12E952630A8BC00DB2337 /* UIColor+Ext.swift */ = {isa = PBXFileReference; fileEncoding = 4; lastKnownFileType = sourcecode.swift; path = "UIColor+Ext.swift"; sourceTree = "<group>"; };
		24C12E962630A8BC00DB2337 /* User+Ext.swift */ = {isa = PBXFileReference; fileEncoding = 4; lastKnownFileType = sourcecode.swift; path = "User+Ext.swift"; sourceTree = "<group>"; };
		24C12E972630A8BC00DB2337 /* UIImage+DominantColor.swift */ = {isa = PBXFileReference; fileEncoding = 4; lastKnownFileType = sourcecode.swift; path = "UIImage+DominantColor.swift"; sourceTree = "<group>"; };
		24C12E982630A8BC00DB2337 /* ReusableView+UICollectionView.swift */ = {isa = PBXFileReference; fileEncoding = 4; lastKnownFileType = sourcecode.swift; path = "ReusableView+UICollectionView.swift"; sourceTree = "<group>"; };
		24C12E992630A8BC00DB2337 /* Standard.swift */ = {isa = PBXFileReference; fileEncoding = 4; lastKnownFileType = sourcecode.swift; path = Standard.swift; sourceTree = "<group>"; };
		24C12E9A2630A8BC00DB2337 /* ReusableView.swift */ = {isa = PBXFileReference; fileEncoding = 4; lastKnownFileType = sourcecode.swift; path = ReusableView.swift; sourceTree = "<group>"; };
		24C12E9B2630A8BC00DB2337 /* NSRegularExpression+Ext.swift */ = {isa = PBXFileReference; fileEncoding = 4; lastKnownFileType = sourcecode.swift; path = "NSRegularExpression+Ext.swift"; sourceTree = "<group>"; };
		24C12E9C2630A8BC00DB2337 /* UIDevice+Platform.swift */ = {isa = PBXFileReference; fileEncoding = 4; lastKnownFileType = sourcecode.swift; path = "UIDevice+Platform.swift"; sourceTree = "<group>"; };
		24F4328F262476B100209D94 /* stikkit-ios.app */ = {isa = PBXFileReference; explicitFileType = wrapper.application; includeInIndex = 0; path = "stikkit-ios.app"; sourceTree = BUILT_PRODUCTS_DIR; };
		24F43292262476B100209D94 /* AppDelegate.swift */ = {isa = PBXFileReference; lastKnownFileType = sourcecode.swift; path = AppDelegate.swift; sourceTree = "<group>"; };
		24F43294262476B100209D94 /* SceneDelegate.swift */ = {isa = PBXFileReference; lastKnownFileType = sourcecode.swift; path = SceneDelegate.swift; sourceTree = "<group>"; };
		24F43296262476B100209D94 /* LoginViewController.swift */ = {isa = PBXFileReference; lastKnownFileType = sourcecode.swift; path = LoginViewController.swift; sourceTree = "<group>"; };
		24F432A5262476B300209D94 /* stikkit-iosTests.xctest */ = {isa = PBXFileReference; explicitFileType = wrapper.cfbundle; includeInIndex = 0; path = "stikkit-iosTests.xctest"; sourceTree = BUILT_PRODUCTS_DIR; };
		24F432A9262476B300209D94 /* stikkit_iosTests.swift */ = {isa = PBXFileReference; lastKnownFileType = sourcecode.swift; path = stikkit_iosTests.swift; sourceTree = "<group>"; };
		24F432AB262476B300209D94 /* Info.plist */ = {isa = PBXFileReference; lastKnownFileType = text.plist.xml; path = Info.plist; sourceTree = "<group>"; };
		24F432B0262476B300209D94 /* stikkit-iosUITests.xctest */ = {isa = PBXFileReference; explicitFileType = wrapper.cfbundle; includeInIndex = 0; path = "stikkit-iosUITests.xctest"; sourceTree = BUILT_PRODUCTS_DIR; };
		24F432B4262476B300209D94 /* stikkit_iosUITests.swift */ = {isa = PBXFileReference; lastKnownFileType = sourcecode.swift; path = stikkit_iosUITests.swift; sourceTree = "<group>"; };
		24F432B6262476B300209D94 /* Info.plist */ = {isa = PBXFileReference; lastKnownFileType = text.plist.xml; path = Info.plist; sourceTree = "<group>"; };
		24F432EE2624772D00209D94 /* Assets.xcassets */ = {isa = PBXFileReference; lastKnownFileType = folder.assetcatalog; path = Assets.xcassets; sourceTree = "<group>"; };
		24F432F02624772D00209D94 /* Base */ = {isa = PBXFileReference; lastKnownFileType = file.storyboard; name = Base; path = Base.lproj/LaunchScreen.storyboard; sourceTree = "<group>"; };
		24F432F12624772D00209D94 /* data.json */ = {isa = PBXFileReference; fileEncoding = 4; lastKnownFileType = text.json; path = data.json; sourceTree = "<group>"; };
		24F432F32624772D00209D94 /* loadingWhite.json */ = {isa = PBXFileReference; fileEncoding = 4; lastKnownFileType = text.json; path = loadingWhite.json; sourceTree = "<group>"; };
		24F432F52624772D00209D94 /* RoobertBold.woff */ = {isa = PBXFileReference; lastKnownFileType = file; path = RoobertBold.woff; sourceTree = "<group>"; };
		24F432F62624772D00209D94 /* RoobertSemiBold.woff */ = {isa = PBXFileReference; lastKnownFileType = file; path = RoobertSemiBold.woff; sourceTree = "<group>"; };
		24F432F72624772D00209D94 /* Icon.ttf */ = {isa = PBXFileReference; lastKnownFileType = file; path = Icon.ttf; sourceTree = "<group>"; };
		24F432F82624772D00209D94 /* RoobertRegular.woff */ = {isa = PBXFileReference; lastKnownFileType = file; path = RoobertRegular.woff; sourceTree = "<group>"; };
		24F4332826247C6400209D94 /* Info.plist */ = {isa = PBXFileReference; lastKnownFileType = text.plist.xml; name = Info.plist; path = "stikkit-ios/Info.plist"; sourceTree = SOURCE_ROOT; };
/* End PBXFileReference section */

/* Begin PBXFrameworksBuildPhase section */
		24F4328C262476B100209D94 /* Frameworks */ = {
			isa = PBXFrameworksBuildPhase;
			buildActionMask = 2147483647;
			files = (
				24C12E7726309DD400DB2337 /* Hero in Frameworks */,
			);
			runOnlyForDeploymentPostprocessing = 0;
		};
		24F432A2262476B300209D94 /* Frameworks */ = {
			isa = PBXFrameworksBuildPhase;
			buildActionMask = 2147483647;
			files = (
			);
			runOnlyForDeploymentPostprocessing = 0;
		};
		24F432AD262476B300209D94 /* Frameworks */ = {
			isa = PBXFrameworksBuildPhase;
			buildActionMask = 2147483647;
			files = (
			);
			runOnlyForDeploymentPostprocessing = 0;
		};
/* End PBXFrameworksBuildPhase section */

/* Begin PBXGroup section */
		24C12E8A2630A8BC00DB2337 /* CommonUI */ = {
			isa = PBXGroup;
			children = (
				24C12E8B2630A8BC00DB2337 /* StyleSheet.swift */,
				24C12E8C2630A8BC00DB2337 /* ReusableView+UITableView.swift */,
				24C12E8D2630A8BC00DB2337 /* UserDefault.swift */,
				24C12E8E2630A8BC00DB2337 /* UIImage+Icon.swift */,
				24C12E8F2630A8BC00DB2337 /* Date+Ext.swift */,
				24C12E902630A8BC00DB2337 /* VideoView.swift */,
				24C12E912630A8BC00DB2337 /* Controller.swift */,
				24C12E922630A8BC00DB2337 /* PowderButton.swift */,
				24C12E932630A8BC00DB2337 /* ArrowCircleButton.swift */,
				24C12E942630A8BC00DB2337 /* LocalizedString.swift */,
				24C12E952630A8BC00DB2337 /* UIColor+Ext.swift */,
				24C12E962630A8BC00DB2337 /* User+Ext.swift */,
				24C12E972630A8BC00DB2337 /* UIImage+DominantColor.swift */,
				24C12E982630A8BC00DB2337 /* ReusableView+UICollectionView.swift */,
				24C12E992630A8BC00DB2337 /* Standard.swift */,
				24C12E9A2630A8BC00DB2337 /* ReusableView.swift */,
				24C12E9B2630A8BC00DB2337 /* NSRegularExpression+Ext.swift */,
				24C12E9C2630A8BC00DB2337 /* UIDevice+Platform.swift */,
			);
			name = CommonUI;
			path = ../../Bibo.gg/Bibo.gg/CommonUI;
			sourceTree = "<group>";
		};
		24F43286262476B100209D94 = {
			isa = PBXGroup;
			children = (
				24F43291262476B100209D94 /* stikkit-ios */,
				24F432A8262476B300209D94 /* stikkit-iosTests */,
				24F432B3262476B300209D94 /* stikkit-iosUITests */,
				24F43290262476B100209D94 /* Products */,
			);
			sourceTree = "<group>";
		};
		24F43290262476B100209D94 /* Products */ = {
			isa = PBXGroup;
			children = (
				24F4328F262476B100209D94 /* stikkit-ios.app */,
				24F432A5262476B300209D94 /* stikkit-iosTests.xctest */,
				24F432B0262476B300209D94 /* stikkit-iosUITests.xctest */,
			);
			name = Products;
			sourceTree = "<group>";
		};
		24F43291262476B100209D94 /* stikkit-ios */ = {
			isa = PBXGroup;
			children = (
				24C12E8A2630A8BC00DB2337 /* CommonUI */,
				24F4332826247C6400209D94 /* Info.plist */,
				24F432ED2624772D00209D94 /* Ressources */,
				24F43292262476B100209D94 /* AppDelegate.swift */,
				24F43294262476B100209D94 /* SceneDelegate.swift */,
				24F43296262476B100209D94 /* LoginViewController.swift */,
				24C12E7026309C1100DB2337 /* RegisterViewController.swift */,
			);
			path = "stikkit-ios";
			sourceTree = "<group>";
		};
		24F432A8262476B300209D94 /* stikkit-iosTests */ = {
			isa = PBXGroup;
			children = (
				24F432A9262476B300209D94 /* stikkit_iosTests.swift */,
				24F432AB262476B300209D94 /* Info.plist */,
			);
			path = "stikkit-iosTests";
			sourceTree = "<group>";
		};
		24F432B3262476B300209D94 /* stikkit-iosUITests */ = {
			isa = PBXGroup;
			children = (
				24F432B4262476B300209D94 /* stikkit_iosUITests.swift */,
				24F432B6262476B300209D94 /* Info.plist */,
			);
			path = "stikkit-iosUITests";
			sourceTree = "<group>";
		};
		24F432ED2624772D00209D94 /* Ressources */ = {
			isa = PBXGroup;
			children = (
				24F432EE2624772D00209D94 /* Assets.xcassets */,
				24F432EF2624772D00209D94 /* LaunchScreen.storyboard */,
				24F432F12624772D00209D94 /* data.json */,
				24F432F22624772D00209D94 /* Lottie */,
				24F432F42624772D00209D94 /* Fonts */,
			);
			path = Ressources;
			sourceTree = "<group>";
		};
		24F432F22624772D00209D94 /* Lottie */ = {
			isa = PBXGroup;
			children = (
				24F432F32624772D00209D94 /* loadingWhite.json */,
			);
			path = Lottie;
			sourceTree = "<group>";
		};
		24F432F42624772D00209D94 /* Fonts */ = {
			isa = PBXGroup;
			children = (
				24F432F52624772D00209D94 /* RoobertBold.woff */,
				24F432F62624772D00209D94 /* RoobertSemiBold.woff */,
				24F432F72624772D00209D94 /* Icon.ttf */,
				24F432F82624772D00209D94 /* RoobertRegular.woff */,
			);
			path = Fonts;
			sourceTree = "<group>";
		};
/* End PBXGroup section */

/* Begin PBXNativeTarget section */
		24F4328E262476B100209D94 /* stikkit-ios */ = {
			isa = PBXNativeTarget;
			buildConfigurationList = 24F432B9262476B300209D94 /* Build configuration list for PBXNativeTarget "stikkit-ios" */;
			buildPhases = (
				24F4328B262476B100209D94 /* Sources */,
				24F4328C262476B100209D94 /* Frameworks */,
				24F4328D262476B100209D94 /* Resources */,
				24C12E7926309DD400DB2337 /* Embed Frameworks */,
			);
			buildRules = (
			);
			dependencies = (
			);
			name = "stikkit-ios";
			packageProductDependencies = (
				24C12E7626309DD400DB2337 /* Hero */,
			);
			productName = "stikkit-ios";
			productReference = 24F4328F262476B100209D94 /* stikkit-ios.app */;
			productType = "com.apple.product-type.application";
		};
		24F432A4262476B300209D94 /* stikkit-iosTests */ = {
			isa = PBXNativeTarget;
			buildConfigurationList = 24F432BC262476B300209D94 /* Build configuration list for PBXNativeTarget "stikkit-iosTests" */;
			buildPhases = (
				24F432A1262476B300209D94 /* Sources */,
				24F432A2262476B300209D94 /* Frameworks */,
				24F432A3262476B300209D94 /* Resources */,
			);
			buildRules = (
			);
			dependencies = (
				24F432A7262476B300209D94 /* PBXTargetDependency */,
			);
			name = "stikkit-iosTests";
			productName = "stikkit-iosTests";
			productReference = 24F432A5262476B300209D94 /* stikkit-iosTests.xctest */;
			productType = "com.apple.product-type.bundle.unit-test";
		};
		24F432AF262476B300209D94 /* stikkit-iosUITests */ = {
			isa = PBXNativeTarget;
			buildConfigurationList = 24F432BF262476B300209D94 /* Build configuration list for PBXNativeTarget "stikkit-iosUITests" */;
			buildPhases = (
				24F432AC262476B300209D94 /* Sources */,
				24F432AD262476B300209D94 /* Frameworks */,
				24F432AE262476B300209D94 /* Resources */,
			);
			buildRules = (
			);
			dependencies = (
				24F432B2262476B300209D94 /* PBXTargetDependency */,
			);
			name = "stikkit-iosUITests";
			productName = "stikkit-iosUITests";
			productReference = 24F432B0262476B300209D94 /* stikkit-iosUITests.xctest */;
			productType = "com.apple.product-type.bundle.ui-testing";
		};
/* End PBXNativeTarget section */

/* Begin PBXProject section */
		24F43287262476B100209D94 /* Project object */ = {
			isa = PBXProject;
			attributes = {
				LastSwiftUpdateCheck = 1240;
				LastUpgradeCheck = 1240;
				TargetAttributes = {
					24F4328E262476B100209D94 = {
						CreatedOnToolsVersion = 12.4;
					};
					24F432A4262476B300209D94 = {
						CreatedOnToolsVersion = 12.4;
						TestTargetID = 24F4328E262476B100209D94;
					};
					24F432AF262476B300209D94 = {
						CreatedOnToolsVersion = 12.4;
						TestTargetID = 24F4328E262476B100209D94;
					};
				};
			};
			buildConfigurationList = 24F4328A262476B100209D94 /* Build configuration list for PBXProject "stikkit-ios" */;
			compatibilityVersion = "Xcode 9.3";
			developmentRegion = en;
			hasScannedForEncodings = 0;
			knownRegions = (
				en,
				Base,
			);
			mainGroup = 24F43286262476B100209D94;
			packageReferences = (
				24C12E7526309DD400DB2337 /* XCRemoteSwiftPackageReference "Hero" */,
			);
			productRefGroup = 24F43290262476B100209D94 /* Products */;
			projectDirPath = "";
			projectRoot = "";
			targets = (
				24F4328E262476B100209D94 /* stikkit-ios */,
				24F432A4262476B300209D94 /* stikkit-iosTests */,
				24F432AF262476B300209D94 /* stikkit-iosUITests */,
			);
		};
/* End PBXProject section */

/* Begin PBXResourcesBuildPhase section */
		24F4328D262476B100209D94 /* Resources */ = {
			isa = PBXResourcesBuildPhase;
			buildActionMask = 2147483647;
			files = (
				24F433002624772D00209D94 /* Icon.ttf in Resources */,
				24F432FC2624772D00209D94 /* data.json in Resources */,
				24F433012624772D00209D94 /* RoobertRegular.woff in Resources */,
				24F432FD2624772D00209D94 /* loadingWhite.json in Resources */,
				24F432FA2624772D00209D94 /* Assets.xcassets in Resources */,
				24F432FF2624772D00209D94 /* RoobertSemiBold.woff in Resources */,
				24F432FB2624772D00209D94 /* LaunchScreen.storyboard in Resources */,
				24F432FE2624772D00209D94 /* RoobertBold.woff in Resources */,
			);
			runOnlyForDeploymentPostprocessing = 0;
		};
		24F432A3262476B300209D94 /* Resources */ = {
			isa = PBXResourcesBuildPhase;
			buildActionMask = 2147483647;
			files = (
			);
			runOnlyForDeploymentPostprocessing = 0;
		};
		24F432AE262476B300209D94 /* Resources */ = {
			isa = PBXResourcesBuildPhase;
			buildActionMask = 2147483647;
			files = (
			);
			runOnlyForDeploymentPostprocessing = 0;
		};
/* End PBXResourcesBuildPhase section */

/* Begin PBXSourcesBuildPhase section */
		24F4328B262476B100209D94 /* Sources */ = {
			isa = PBXSourcesBuildPhase;
			buildActionMask = 2147483647;
			files = (
				24C12EA52630A8BC00DB2337 /* ArrowCircleButton.swift in Sources */,
				24C12EA12630A8BC00DB2337 /* Date+Ext.swift in Sources */,
				24F43297262476B100209D94 /* LoginViewController.swift in Sources */,
				24C12EA32630A8BC00DB2337 /* Controller.swift in Sources */,
				24C12EA82630A8BC00DB2337 /* User+Ext.swift in Sources */,
				24C12E9F2630A8BC00DB2337 /* UserDefault.swift in Sources */,
				24C12EA02630A8BC00DB2337 /* UIImage+Icon.swift in Sources */,
				24C12EA92630A8BC00DB2337 /* UIImage+DominantColor.swift in Sources */,
				24C12EAA2630A8BC00DB2337 /* ReusableView+UICollectionView.swift in Sources */,
				24C12E9E2630A8BC00DB2337 /* ReusableView+UITableView.swift in Sources */,
				24C12E9D2630A8BC00DB2337 /* StyleSheet.swift in Sources */,
				24C12EAC2630A8BC00DB2337 /* ReusableView.swift in Sources */,
				24C12EAB2630A8BC00DB2337 /* Standard.swift in Sources */,
				24C12EAD2630A8BC00DB2337 /* NSRegularExpression+Ext.swift in Sources */,
				24C12EA22630A8BC00DB2337 /* VideoView.swift in Sources */,
				24C12E7126309C1100DB2337 /* RegisterViewController.swift in Sources */,
				24C12EA62630A8BC00DB2337 /* LocalizedString.swift in Sources */,
				24F43293262476B100209D94 /* AppDelegate.swift in Sources */,
				24C12EAE2630A8BC00DB2337 /* UIDevice+Platform.swift in Sources */,
				24C12EA72630A8BC00DB2337 /* UIColor+Ext.swift in Sources */,
				24C12EA42630A8BC00DB2337 /* PowderButton.swift in Sources */,
				24F43295262476B100209D94 /* SceneDelegate.swift in Sources */,
			);
			runOnlyForDeploymentPostprocessing = 0;
		};
		24F432A1262476B300209D94 /* Sources */ = {
			isa = PBXSourcesBuildPhase;
			buildActionMask = 2147483647;
			files = (
				24F432AA262476B300209D94 /* stikkit_iosTests.swift in Sources */,
			);
			runOnlyForDeploymentPostprocessing = 0;
		};
		24F432AC262476B300209D94 /* Sources */ = {
			isa = PBXSourcesBuildPhase;
			buildActionMask = 2147483647;
			files = (
				24F432B5262476B300209D94 /* stikkit_iosUITests.swift in Sources */,
			);
			runOnlyForDeploymentPostprocessing = 0;
		};
/* End PBXSourcesBuildPhase section */

/* Begin PBXTargetDependency section */
		24F432A7262476B300209D94 /* PBXTargetDependency */ = {
			isa = PBXTargetDependency;
			target = 24F4328E262476B100209D94 /* stikkit-ios */;
			targetProxy = 24F432A6262476B300209D94 /* PBXContainerItemProxy */;
		};
		24F432B2262476B300209D94 /* PBXTargetDependency */ = {
			isa = PBXTargetDependency;
			target = 24F4328E262476B100209D94 /* stikkit-ios */;
			targetProxy = 24F432B1262476B300209D94 /* PBXContainerItemProxy */;
		};
/* End PBXTargetDependency section */

/* Begin PBXVariantGroup section */
		24F432EF2624772D00209D94 /* LaunchScreen.storyboard */ = {
			isa = PBXVariantGroup;
			children = (
				24F432F02624772D00209D94 /* Base */,
			);
			name = LaunchScreen.storyboard;
			sourceTree = "<group>";
		};
/* End PBXVariantGroup section */

/* Begin XCBuildConfiguration section */
		24F432B7262476B300209D94 /* Debug */ = {
			isa = XCBuildConfiguration;
			buildSettings = {
				ALWAYS_SEARCH_USER_PATHS = NO;
				CLANG_ANALYZER_NONNULL = YES;
				CLANG_ANALYZER_NUMBER_OBJECT_CONVERSION = YES_AGGRESSIVE;
				CLANG_CXX_LANGUAGE_STANDARD = "gnu++14";
				CLANG_CXX_LIBRARY = "libc++";
				CLANG_ENABLE_MODULES = YES;
				CLANG_ENABLE_OBJC_ARC = YES;
				CLANG_ENABLE_OBJC_WEAK = YES;
				CLANG_WARN_BLOCK_CAPTURE_AUTORELEASING = YES;
				CLANG_WARN_BOOL_CONVERSION = YES;
				CLANG_WARN_COMMA = YES;
				CLANG_WARN_CONSTANT_CONVERSION = YES;
				CLANG_WARN_DEPRECATED_OBJC_IMPLEMENTATIONS = YES;
				CLANG_WARN_DIRECT_OBJC_ISA_USAGE = YES_ERROR;
				CLANG_WARN_DOCUMENTATION_COMMENTS = YES;
				CLANG_WARN_EMPTY_BODY = YES;
				CLANG_WARN_ENUM_CONVERSION = YES;
				CLANG_WARN_INFINITE_RECURSION = YES;
				CLANG_WARN_INT_CONVERSION = YES;
				CLANG_WARN_NON_LITERAL_NULL_CONVERSION = YES;
				CLANG_WARN_OBJC_IMPLICIT_RETAIN_SELF = YES;
				CLANG_WARN_OBJC_LITERAL_CONVERSION = YES;
				CLANG_WARN_OBJC_ROOT_CLASS = YES_ERROR;
				CLANG_WARN_QUOTED_INCLUDE_IN_FRAMEWORK_HEADER = YES;
				CLANG_WARN_RANGE_LOOP_ANALYSIS = YES;
				CLANG_WARN_STRICT_PROTOTYPES = YES;
				CLANG_WARN_SUSPICIOUS_MOVE = YES;
				CLANG_WARN_UNGUARDED_AVAILABILITY = YES_AGGRESSIVE;
				CLANG_WARN_UNREACHABLE_CODE = YES;
				CLANG_WARN__DUPLICATE_METHOD_MATCH = YES;
				COPY_PHASE_STRIP = NO;
				DEBUG_INFORMATION_FORMAT = dwarf;
				ENABLE_STRICT_OBJC_MSGSEND = YES;
				ENABLE_TESTABILITY = YES;
				GCC_C_LANGUAGE_STANDARD = gnu11;
				GCC_DYNAMIC_NO_PIC = NO;
				GCC_NO_COMMON_BLOCKS = YES;
				GCC_OPTIMIZATION_LEVEL = 0;
				GCC_PREPROCESSOR_DEFINITIONS = (
					"DEBUG=1",
					"$(inherited)",
				);
				GCC_WARN_64_TO_32_BIT_CONVERSION = YES;
				GCC_WARN_ABOUT_RETURN_TYPE = YES_ERROR;
				GCC_WARN_UNDECLARED_SELECTOR = YES;
				GCC_WARN_UNINITIALIZED_AUTOS = YES_AGGRESSIVE;
				GCC_WARN_UNUSED_FUNCTION = YES;
				GCC_WARN_UNUSED_VARIABLE = YES;
				IPHONEOS_DEPLOYMENT_TARGET = 14.4;
				MTL_ENABLE_DEBUG_INFO = INCLUDE_SOURCE;
				MTL_FAST_MATH = YES;
				ONLY_ACTIVE_ARCH = YES;
				SDKROOT = iphoneos;
				SWIFT_ACTIVE_COMPILATION_CONDITIONS = DEBUG;
				SWIFT_OPTIMIZATION_LEVEL = "-Onone";
			};
			name = Debug;
		};
		24F432B8262476B300209D94 /* Release */ = {
			isa = XCBuildConfiguration;
			buildSettings = {
				ALWAYS_SEARCH_USER_PATHS = NO;
				CLANG_ANALYZER_NONNULL = YES;
				CLANG_ANALYZER_NUMBER_OBJECT_CONVERSION = YES_AGGRESSIVE;
				CLANG_CXX_LANGUAGE_STANDARD = "gnu++14";
				CLANG_CXX_LIBRARY = "libc++";
				CLANG_ENABLE_MODULES = YES;
				CLANG_ENABLE_OBJC_ARC = YES;
				CLANG_ENABLE_OBJC_WEAK = YES;
				CLANG_WARN_BLOCK_CAPTURE_AUTORELEASING = YES;
				CLANG_WARN_BOOL_CONVERSION = YES;
				CLANG_WARN_COMMA = YES;
				CLANG_WARN_CONSTANT_CONVERSION = YES;
				CLANG_WARN_DEPRECATED_OBJC_IMPLEMENTATIONS = YES;
				CLANG_WARN_DIRECT_OBJC_ISA_USAGE = YES_ERROR;
				CLANG_WARN_DOCUMENTATION_COMMENTS = YES;
				CLANG_WARN_EMPTY_BODY = YES;
				CLANG_WARN_ENUM_CONVERSION = YES;
				CLANG_WARN_INFINITE_RECURSION = YES;
				CLANG_WARN_INT_CONVERSION = YES;
				CLANG_WARN_NON_LITERAL_NULL_CONVERSION = YES;
				CLANG_WARN_OBJC_IMPLICIT_RETAIN_SELF = YES;
				CLANG_WARN_OBJC_LITERAL_CONVERSION = YES;
				CLANG_WARN_OBJC_ROOT_CLASS = YES_ERROR;
				CLANG_WARN_QUOTED_INCLUDE_IN_FRAMEWORK_HEADER = YES;
				CLANG_WARN_RANGE_LOOP_ANALYSIS = YES;
				CLANG_WARN_STRICT_PROTOTYPES = YES;
				CLANG_WARN_SUSPICIOUS_MOVE = YES;
				CLANG_WARN_UNGUARDED_AVAILABILITY = YES_AGGRESSIVE;
				CLANG_WARN_UNREACHABLE_CODE = YES;
				CLANG_WARN__DUPLICATE_METHOD_MATCH = YES;
				COPY_PHASE_STRIP = NO;
				DEBUG_INFORMATION_FORMAT = "dwarf-with-dsym";
				ENABLE_NS_ASSERTIONS = NO;
				ENABLE_STRICT_OBJC_MSGSEND = YES;
				GCC_C_LANGUAGE_STANDARD = gnu11;
				GCC_NO_COMMON_BLOCKS = YES;
				GCC_WARN_64_TO_32_BIT_CONVERSION = YES;
				GCC_WARN_ABOUT_RETURN_TYPE = YES_ERROR;
				GCC_WARN_UNDECLARED_SELECTOR = YES;
				GCC_WARN_UNINITIALIZED_AUTOS = YES_AGGRESSIVE;
				GCC_WARN_UNUSED_FUNCTION = YES;
				GCC_WARN_UNUSED_VARIABLE = YES;
				IPHONEOS_DEPLOYMENT_TARGET = 14.4;
				MTL_ENABLE_DEBUG_INFO = NO;
				MTL_FAST_MATH = YES;
				SDKROOT = iphoneos;
				SWIFT_COMPILATION_MODE = wholemodule;
				SWIFT_OPTIMIZATION_LEVEL = "-O";
				VALIDATE_PRODUCT = YES;
			};
			name = Release;
		};
		24F432BA262476B300209D94 /* Debug */ = {
			isa = XCBuildConfiguration;
			buildSettings = {
				ASSETCATALOG_COMPILER_APPICON_NAME = AppIcon;
				ASSETCATALOG_COMPILER_GLOBAL_ACCENT_COLOR_NAME = AccentColor;
				CODE_SIGN_STYLE = Automatic;
				DEVELOPMENT_TEAM = 223PZ4VYA4;
				INFOPLIST_FILE = "stikkit-ios/Info.plist";
				LD_RUNPATH_SEARCH_PATHS = (
					"$(inherited)",
					"@executable_path/Frameworks",
				);
				PRODUCT_BUNDLE_IDENTIFIER = "Bilel-Bouricha.stikkit-ios";
				PRODUCT_NAME = "$(TARGET_NAME)";
				SWIFT_VERSION = 5.0;
				TARGETED_DEVICE_FAMILY = "1,2";
			};
			name = Debug;
		};
		24F432BB262476B300209D94 /* Release */ = {
			isa = XCBuildConfiguration;
			buildSettings = {
				ASSETCATALOG_COMPILER_APPICON_NAME = AppIcon;
				ASSETCATALOG_COMPILER_GLOBAL_ACCENT_COLOR_NAME = AccentColor;
				CODE_SIGN_STYLE = Automatic;
				DEVELOPMENT_TEAM = 223PZ4VYA4;
				INFOPLIST_FILE = "stikkit-ios/Info.plist";
				LD_RUNPATH_SEARCH_PATHS = (
					"$(inherited)",
					"@executable_path/Frameworks",
				);
				PRODUCT_BUNDLE_IDENTIFIER = "Bilel-Bouricha.stikkit-ios";
				PRODUCT_NAME = "$(TARGET_NAME)";
				SWIFT_VERSION = 5.0;
				TARGETED_DEVICE_FAMILY = "1,2";
			};
			name = Release;
		};
		24F432BD262476B300209D94 /* Debug */ = {
			isa = XCBuildConfiguration;
			buildSettings = {
				ALWAYS_EMBED_SWIFT_STANDARD_LIBRARIES = YES;
				BUNDLE_LOADER = "$(TEST_HOST)";
				CODE_SIGN_STYLE = Automatic;
				DEVELOPMENT_TEAM = 223PZ4VYA4;
				INFOPLIST_FILE = "stikkit-iosTests/Info.plist";
				IPHONEOS_DEPLOYMENT_TARGET = 14.4;
				LD_RUNPATH_SEARCH_PATHS = (
					"$(inherited)",
					"@executable_path/Frameworks",
					"@loader_path/Frameworks",
				);
				PRODUCT_BUNDLE_IDENTIFIER = "Bilel-Bouricha.stikkit-iosTests";
				PRODUCT_NAME = "$(TARGET_NAME)";
				SWIFT_VERSION = 5.0;
				TARGETED_DEVICE_FAMILY = "1,2";
				TEST_HOST = "$(BUILT_PRODUCTS_DIR)/stikkit-ios.app/stikkit-ios";
			};
			name = Debug;
		};
		24F432BE262476B300209D94 /* Release */ = {
			isa = XCBuildConfiguration;
			buildSettings = {
				ALWAYS_EMBED_SWIFT_STANDARD_LIBRARIES = YES;
				BUNDLE_LOADER = "$(TEST_HOST)";
				CODE_SIGN_STYLE = Automatic;
				DEVELOPMENT_TEAM = 223PZ4VYA4;
				INFOPLIST_FILE = "stikkit-iosTests/Info.plist";
				IPHONEOS_DEPLOYMENT_TARGET = 14.4;
				LD_RUNPATH_SEARCH_PATHS = (
					"$(inherited)",
					"@executable_path/Frameworks",
					"@loader_path/Frameworks",
				);
				PRODUCT_BUNDLE_IDENTIFIER = "Bilel-Bouricha.stikkit-iosTests";
				PRODUCT_NAME = "$(TARGET_NAME)";
				SWIFT_VERSION = 5.0;
				TARGETED_DEVICE_FAMILY = "1,2";
				TEST_HOST = "$(BUILT_PRODUCTS_DIR)/stikkit-ios.app/stikkit-ios";
			};
			name = Release;
		};
		24F432C0262476B300209D94 /* Debug */ = {
			isa = XCBuildConfiguration;
			buildSettings = {
				ALWAYS_EMBED_SWIFT_STANDARD_LIBRARIES = YES;
				CODE_SIGN_STYLE = Automatic;
				DEVELOPMENT_TEAM = 223PZ4VYA4;
				INFOPLIST_FILE = "stikkit-iosUITests/Info.plist";
				LD_RUNPATH_SEARCH_PATHS = (
					"$(inherited)",
					"@executable_path/Frameworks",
					"@loader_path/Frameworks",
				);
				PRODUCT_BUNDLE_IDENTIFIER = "Bilel-Bouricha.stikkit-iosUITests";
				PRODUCT_NAME = "$(TARGET_NAME)";
				SWIFT_VERSION = 5.0;
				TARGETED_DEVICE_FAMILY = "1,2";
				TEST_TARGET_NAME = "stikkit-ios";
			};
			name = Debug;
		};
		24F432C1262476B300209D94 /* Release */ = {
			isa = XCBuildConfiguration;
			buildSettings = {
				ALWAYS_EMBED_SWIFT_STANDARD_LIBRARIES = YES;
				CODE_SIGN_STYLE = Automatic;
				DEVELOPMENT_TEAM = 223PZ4VYA4;
				INFOPLIST_FILE = "stikkit-iosUITests/Info.plist";
				LD_RUNPATH_SEARCH_PATHS = (
					"$(inherited)",
					"@executable_path/Frameworks",
					"@loader_path/Frameworks",
				);
				PRODUCT_BUNDLE_IDENTIFIER = "Bilel-Bouricha.stikkit-iosUITests";
				PRODUCT_NAME = "$(TARGET_NAME)";
				SWIFT_VERSION = 5.0;
				TARGETED_DEVICE_FAMILY = "1,2";
				TEST_TARGET_NAME = "stikkit-ios";
			};
			name = Release;
		};
/* End XCBuildConfiguration section */

/* Begin XCConfigurationList section */
		24F4328A262476B100209D94 /* Build configuration list for PBXProject "stikkit-ios" */ = {
			isa = XCConfigurationList;
			buildConfigurations = (
				24F432B7262476B300209D94 /* Debug */,
				24F432B8262476B300209D94 /* Release */,
			);
			defaultConfigurationIsVisible = 0;
			defaultConfigurationName = Release;
		};
		24F432B9262476B300209D94 /* Build configuration list for PBXNativeTarget "stikkit-ios" */ = {
			isa = XCConfigurationList;
			buildConfigurations = (
				24F432BA262476B300209D94 /* Debug */,
				24F432BB262476B300209D94 /* Release */,
			);
			defaultConfigurationIsVisible = 0;
			defaultConfigurationName = Release;
		};
		24F432BC262476B300209D94 /* Build configuration list for PBXNativeTarget "stikkit-iosTests" */ = {
			isa = XCConfigurationList;
			buildConfigurations = (
				24F432BD262476B300209D94 /* Debug */,
				24F432BE262476B300209D94 /* Release */,
			);
			defaultConfigurationIsVisible = 0;
			defaultConfigurationName = Release;
		};
		24F432BF262476B300209D94 /* Build configuration list for PBXNativeTarget "stikkit-iosUITests" */ = {
			isa = XCConfigurationList;
			buildConfigurations = (
				24F432C0262476B300209D94 /* Debug */,
				24F432C1262476B300209D94 /* Release */,
			);
			defaultConfigurationIsVisible = 0;
			defaultConfigurationName = Release;
		};
/* End XCConfigurationList section */

/* Begin XCRemoteSwiftPackageReference section */
		24C12E7526309DD400DB2337 /* XCRemoteSwiftPackageReference "Hero" */ = {
			isa = XCRemoteSwiftPackageReference;
			repositoryURL = "https://github.com/HeroTransitions/Hero.git";
			requirement = {
				kind = upToNextMajorVersion;
				minimumVersion = 1.6.1;
			};
		};
/* End XCRemoteSwiftPackageReference section */

/* Begin XCSwiftPackageProductDependency section */
		24C12E7626309DD400DB2337 /* Hero */ = {
			isa = XCSwiftPackageProductDependency;
			package = 24C12E7526309DD400DB2337 /* XCRemoteSwiftPackageReference "Hero" */;
			productName = Hero;
		};
/* End XCSwiftPackageProductDependency section */
	};
	rootObject = 24F43287262476B100209D94 /* Project object */;
}
